
Microsoft Visual Studio Solution File, Format Version 12.00
# Visual Studio Version 17
VisualStudioVersion = 17.10.34916.146
MinimumVisualStudioVersion = 10.0.40219.1
Project("{FAE04EC0-301F-11D3-BF4B-00C04F79EFBC}") = "AnimegasWebApplication", "AnimegasWebApplication\AnimegasWebApplication.csproj", "{6CE07C55-04E8-43F4-9020-E461394374B3}"
EndProject
Global
	GlobalSection(SolutionConfigurationPlatforms) = preSolution
		Debug|Any CPU = Debug|Any CPU
		Release|Any CPU = Release|Any CPU
	EndGlobalSection
	GlobalSection(ProjectConfigurationPlatforms) = postSolution
		{6CE07C55-04E8-43F4-9020-E461394374B3}.Debug|Any CPU.ActiveCfg = Debug|Any CPU
		{6CE07C55-04E8-43F4-9020-E461394374B3}.Debug|Any CPU.Build.0 = Debug|Any CPU
		{6CE07C55-04E8-43F4-9020-E461394374B3}.Release|Any CPU.ActiveCfg = Release|Any CPU
		{6CE07C55-04E8-43F4-9020-E461394374B3}.Release|Any CPU.Build.0 = Release|Any CPU
	EndGlobalSection
	GlobalSection(SolutionProperties) = preSolution
		HideSolutionNode = FALSE
	EndGlobalSection
	GlobalSection(ExtensibilityGlobals) = postSolution
		SolutionGuid = {72E28E23-AADD-4AA7-A432-24EB72DD0480}
	EndGlobalSection
EndGlobal
